// !$*UTF8*$!
{
	archiveVersion = 1;
	classes = {
	};
	objectVersion = 77;
	objects = {

/* Begin PBXBuildFile section */
		2BDD5A722E4BD4C500EDA7DC /* NotchMateKit in Frameworks */ = {isa = PBXBuildFile; productRef = 2BDD5A712E4BD4C500EDA7DC /* NotchMateKit */; };
/* End PBXBuildFile section */

/* Begin PBXContainerItemProxy section */
		2BDD5A462E4BD4C500EDA7DC /* PBXContainerItemProxy */ = {
			isa = PBXContainerItemProxy;
			containerPortal = 2BDD5A2F2E4BD4C400EDA7DC /* Project object */;
			proxyType = 1;
			remoteGlobalIDString = 2BDD5A362E4BD4C400EDA7DC;
			remoteInfo = NotchMate;
		};
		2BDD5A502E4BD4C500EDA7DC /* PBXContainerItemProxy */ = {
			isa = PBXContainerItemProxy;
			containerPortal = 2BDD5A2F2E4BD4C400EDA7DC /* Project object */;
			proxyType = 1;
			remoteGlobalIDString = 2BDD5A362E4BD4C400EDA7DC;
			remoteInfo = NotchMate;
		};
/* End PBXContainerItemProxy section */

/* Begin PBXFileReference section */
		2BDD5A372E4BD4C400EDA7DC /* NotchMate.app */ = {isa = PBXFileReference; explicitFileType = wrapper.application; includeInIndex = 0; path = NotchMate.app; sourceTree = BUILT_PRODUCTS_DIR; };
		2BDD5A452E4BD4C500EDA7DC /* NotchMateTests.xctest */ = {isa = PBXFileReference; explicitFileType = wrapper.cfbundle; includeInIndex = 0; path = NotchMateTests.xctest; sourceTree = BUILT_PRODUCTS_DIR; };
		2BDD5A4F2E4BD4C500EDA7DC /* NotchMateUITests.xctest */ = {isa = PBXFileReference; explicitFileType = wrapper.cfbundle; includeInIndex = 0; path = NotchMateUITests.xctest; sourceTree = BUILT_PRODUCTS_DIR; };
/* End PBXFileReference section */

/* Begin PBXFileSystemSynchronizedRootGroup section */
		2BDD5A392E4BD4C400EDA7DC /* NotchMate */ = {
			isa = PBXFileSystemSynchronizedRootGroup;
			path = NotchMate;
			sourceTree = "<group>";
		};
		2BDD5A482E4BD4C500EDA7DC /* NotchMateTests */ = {
			isa = PBXFileSystemSynchronizedRootGroup;
			path = NotchMateTests;
			sourceTree = "<group>";
		};
		2BDD5A522E4BD4C500EDA7DC /* NotchMateUITests */ = {
			isa = PBXFileSystemSynchronizedRootGroup;
			path = NotchMateUITests;
			sourceTree = "<group>";
		};
/* End PBXFileSystemSynchronizedRootGroup section */

/* Begin PBXFrameworksBuildPhase section */
		2BDD5A342E4BD4C400EDA7DC /* Frameworks */ = {
			isa = PBXFrameworksBuildPhase;
			buildActionMask = 2147483647;
			files = (
				2BDD5A722E4BD4C500EDA7DC /* NotchMateKit in Frameworks */,
			);
			runOnlyForDeploymentPostprocessing = 0;
		};
		2BDD5A422E4BD4C500EDA7DC /* Frameworks */ = {
			isa = PBXFrameworksBuildPhase;
			buildActionMask = 2147483647;
			files = (
			);
			runOnlyForDeploymentPostprocessing = 0;
		};
		2BDD5A4C2E4BD4C500EDA7DC /* Frameworks */ = {
			isa = PBXFrameworksBuildPhase;
			buildActionMask = 2147483647;
			files = (
			);
			runOnlyForDeploymentPostprocessing = 0;
		};
/* End PBXFrameworksBuildPhase section */

/* Begin PBXGroup section */
		2BDD5A2E2E4BD4C400EDA7DC = {
			isa = PBXGroup;
			children = (
				2BDD5A392E4BD4C400EDA7DC /* NotchMate */,
				2BDD5A482E4BD4C500EDA7DC /* NotchMateTests */,
				2BDD5A522E4BD4C500EDA7DC /* NotchMateUITests */,
				2BDD5A382E4BD4C400EDA7DC /* Products */,
			);
			sourceTree = "<group>";
		};
		2BDD5A382E4BD4C400EDA7DC /* Products */ = {
			isa = PBXGroup;
			children = (
				2BDD5A372E4BD4C400EDA7DC /* NotchMate.app */,
				2BDD5A452E4BD4C500EDA7DC /* NotchMateTests.xctest */,
				2BDD5A4F2E4BD4C500EDA7DC /* NotchMateUITests.xctest */,
			);
			name = Products;
			sourceTree = "<group>";
		};
/* End PBXGroup section */

/* Begin PBXNativeTarget section */
		2BDD5A362E4BD4C400EDA7DC /* NotchMate */ = {
			isa = PBXNativeTarget;
			buildConfigurationList = 2BDD5A592E4BD4C500EDA7DC /* Build configuration list for PBXNativeTarget "NotchMate" */;
			buildPhases = (
				2BDD5A332E4BD4C400EDA7DC /* Sources */,
				2BDD5A342E4BD4C400EDA7DC /* Frameworks */,
				2BDD5A352E4BD4C400EDA7DC /* Resources */,
			);
			buildRules = (
			);
			dependencies = (
			);
			fileSystemSynchronizedGroups = (
				2BDD5A392E4BD4C400EDA7DC /* NotchMate */,
			);
			name = NotchMate;
			packageProductDependencies = (
				2BDD5A712E4BD4C500EDA7DC /* NotchMateKit */,
			);
			productName = NotchMate;
			productReference = 2BDD5A372E4BD4C400EDA7DC /* NotchMate.app */;
			productType = "com.apple.product-type.application";
		};
		2BDD5A442E4BD4C500EDA7DC /* NotchMateTests */ = {
			isa = PBXNativeTarget;
			buildConfigurationList = 2BDD5A5C2E4BD4C500EDA7DC /* Build configuration list for PBXNativeTarget "NotchMateTests" */;
			buildPhases = (
				2BDD5A412E4BD4C500EDA7DC /* Sources */,
				2BDD5A422E4BD4C500EDA7DC /* Frameworks */,
				2BDD5A432E4BD4C500EDA7DC /* Resources */,
			);
			buildRules = (
			);
			dependencies = (
				2BDD5A472E4BD4C500EDA7DC /* PBXTargetDependency */,
			);
			fileSystemSynchronizedGroups = (
				2BDD5A482E4BD4C500EDA7DC /* NotchMateTests */,
			);
			name = NotchMateTests;
			packageProductDependencies = (
			);
			productName = NotchMateTests;
			productReference = 2BDD5A452E4BD4C500EDA7DC /* NotchMateTests.xctest */;
			productType = "com.apple.product-type.bundle.unit-test";
		};
		2BDD5A4E2E4BD4C500EDA7DC /* NotchMateUITests */ = {
			isa = PBXNativeTarget;
			buildConfigurationList = 2BDD5A5F2E4BD4C500EDA7DC /* Build configuration list for PBXNativeTarget "NotchMateUITests" */;
			buildPhases = (
				2BDD5A4B2E4BD4C500EDA7DC /* Sources */,
				2BDD5A4C2E4BD4C500EDA7DC /* Frameworks */,
				2BDD5A4D2E4BD4C500EDA7DC /* Resources */,
			);
			buildRules = (
			);
			dependencies = (
				2BDD5A512E4BD4C500EDA7DC /* PBXTargetDependency */,
			);
			fileSystemSynchronizedGroups = (
				2BDD5A522E4BD4C500EDA7DC /* NotchMateUITests */,
			);
			name = NotchMateUITests;
			packageProductDependencies = (
			);
			productName = NotchMateUITests;
			productReference = 2BDD5A4F2E4BD4C500EDA7DC /* NotchMateUITests.xctest */;
			productType = "com.apple.product-type.bundle.ui-testing";
		};
/* End PBXNativeTarget section */

/* Begin PBXProject section */
		2BDD5A2F2E4BD4C400EDA7DC /* Project object */ = {
			isa = PBXProject;
			attributes = {
				BuildIndependentTargetsInParallel = 1;
				LastSwiftUpdateCheck = 1640;
				LastUpgradeCheck = 1640;
				TargetAttributes = {
					2BDD5A362E4BD4C400EDA7DC = {
						CreatedOnToolsVersion = 16.4;
					};
					2BDD5A442E4BD4C500EDA7DC = {
						CreatedOnToolsVersion = 16.4;
						TestTargetID = 2BDD5A362E4BD4C400EDA7DC;
					};
					2BDD5A4E2E4BD4C500EDA7DC = {
						CreatedOnToolsVersion = 16.4;
						TestTargetID = 2BDD5A362E4BD4C400EDA7DC;
					};
				};
			};
			buildConfigurationList = 2BDD5A322E4BD4C400EDA7DC /* Build configuration list for PBXProject "NotchMate" */;
			developmentRegion = en;
			hasScannedForEncodings = 0;
			knownRegions = (
				en,
				Base,
			);
			mainGroup = 2BDD5A2E2E4BD4C400EDA7DC;
			minimizedProjectReferenceProxies = 1;
			packageReferences = (
				2BDD5A702E4BD4C500EDA7DC /* XCLocalSwiftPackageReference "Packages/NotchMateKit" */,
			);
			preferredProjectObjectVersion = 77;
			productRefGroup = 2BDD5A382E4BD4C400EDA7DC /* Products */;
			projectDirPath = "";
			projectRoot = "";
			targets = (
				2BDD5A362E4BD4C400EDA7DC /* NotchMate */,
				2BDD5A442E4BD4C500EDA7DC /* NotchMateTests */,
				2BDD5A4E2E4BD4C500EDA7DC /* NotchMateUITests */,
			);
		};
/* End PBXProject section */

/* Begin PBXResourcesBuildPhase section */
		2BDD5A352E4BD4C400EDA7DC /* Resources */ = {
			isa = PBXResourcesBuildPhase;
			buildActionMask = 2147483647;
			files = (
			);
			runOnlyForDeploymentPostprocessing = 0;
		};
		2BDD5A432E4BD4C500EDA7DC /* Resources */ = {
			isa = PBXResourcesBuildPhase;
			buildActionMask = 2147483647;
			files = (
			);
			runOnlyForDeploymentPostprocessing = 0;
		};
		2BDD5A4D2E4BD4C500EDA7DC /* Resources */ = {
			isa = PBXResourcesBuildPhase;
			buildActionMask = 2147483647;
			files = (
			);
			runOnlyForDeploymentPostprocessing = 0;
		};
/* End PBXResourcesBuildPhase section */

/* Begin PBXSourcesBuildPhase section */
		2BDD5A332E4BD4C400EDA7DC /* Sources */ = {
			isa = PBXSourcesBuildPhase;
			buildActionMask = 2147483647;
			files = (
			);
			runOnlyForDeploymentPostprocessing = 0;
		};
		2BDD5A412E4BD4C500EDA7DC /* Sources */ = {
			isa = PBXSourcesBuildPhase;
			buildActionMask = 2147483647;
			files = (
			);
			runOnlyForDeploymentPostprocessing = 0;
		};
		2BDD5A4B2E4BD4C500EDA7DC /* Sources */ = {
			isa = PBXSourcesBuildPhase;
			buildActionMask = 2147483647;
			files = (
			);
			runOnlyForDeploymentPostprocessing = 0;
		};
/* End PBXSourcesBuildPhase section */

/* Begin PBXTargetDependency section */
		2BDD5A472E4BD4C500EDA7DC /* PBXTargetDependency */ = {
			isa = PBXTargetDependency;
			target = 2BDD5A362E4BD4C400EDA7DC /* NotchMate */;
			targetProxy = 2BDD5A462E4BD4C500EDA7DC /* PBXContainerItemProxy */;
		};
		2BDD5A512E4BD4C500EDA7DC /* PBXTargetDependency */ = {
			isa = PBXTargetDependency;
			target = 2BDD5A362E4BD4C400EDA7DC /* NotchMate */;
			targetProxy = 2BDD5A502E4BD4C500EDA7DC /* PBXContainerItemProxy */;
		};
/* End PBXTargetDependency section */

/* Begin XCBuildConfiguration section */
		2BDD5A572E4BD4C500EDA7DC /* Debug */ = {
			isa = XCBuildConfiguration;
			buildSettings = {
				ALWAYS_SEARCH_USER_PATHS = NO;
				ASSETCATALOG_COMPILER_GENERATE_SWIFT_ASSET_SYMBOL_EXTENSIONS = YES;
				CLANG_ANALYZER_NONNULL = YES;
				CLANG_ANALYZER_NUMBER_OBJECT_CONVERSION = YES_AGGRESSIVE;
				CLANG_CXX_LANGUAGE_STANDARD = "gnu++20";
				CLANG_ENABLE_MODULES = YES;
				CLANG_ENABLE_OBJC_ARC = YES;
				CLANG_ENABLE_OBJC_WEAK = YES;
				CLANG_WARN_BLOCK_CAPTURE_AUTORELEASING = YES;
				CLANG_WARN_BOOL_CONVERSION = YES;
				CLANG_WARN_COMMA = YES;
				CLANG_WARN_CONSTANT_CONVERSION = YES;
				CLANG_WARN_DEPRECATED_OBJC_IMPLEMENTATIONS = YES;
				CLANG_WARN_DIRECT_OBJC_ISA_USAGE = YES_ERROR;
				CLANG_WARN_DOCUMENTATION_COMMENTS = YES;
				CLANG_WARN_EMPTY_BODY = YES;
				CLANG_WARN_ENUM_CONVERSION = YES;
				CLANG_WARN_INFINITE_RECURSION = YES;
				CLANG_WARN_INT_CONVERSION = YES;
				CLANG_WARN_NON_LITERAL_NULL_CONVERSION = YES;
				CLANG_WARN_OBJC_IMPLICIT_RETAIN_SELF = YES;
				CLANG_WARN_OBJC_LITERAL_CONVERSION = YES;
				CLANG_WARN_OBJC_ROOT_CLASS = YES_ERROR;
				CLANG_WARN_QUOTED_INCLUDE_IN_FRAMEWORK_HEADER = YES;
				CLANG_WARN_RANGE_LOOP_ANALYSIS = YES;
				CLANG_WARN_STRICT_PROTOTYPES = YES;
				CLANG_WARN_SUSPICIOUS_MOVE = YES;
				CLANG_WARN_UNGUARDED_AVAILABILITY = YES_AGGRESSIVE;
				CLANG_WARN_UNREACHABLE_CODE = YES;
				CLANG_WARN__DUPLICATE_METHOD_MATCH = YES;
				COPY_PHASE_STRIP = NO;
				DEBUG_INFORMATION_FORMAT = dwarf;
				ENABLE_STRICT_OBJC_MSGSEND = YES;
				ENABLE_TESTABILITY = YES;
				ENABLE_USER_SCRIPT_SANDBOXING = YES;
				GCC_C_LANGUAGE_STANDARD = gnu17;
				GCC_DYNAMIC_NO_PIC = NO;
				GCC_NO_COMMON_BLOCKS = YES;
				GCC_OPTIMIZATION_LEVEL = 0;
				GCC_PREPROCESSOR_DEFINITIONS = (
					"DEBUG=1",
					"$(inherited)",
				);
				GCC_WARN_64_TO_32_BIT_CONVERSION = YES;
				GCC_WARN_ABOUT_RETURN_TYPE = YES_ERROR;
				GCC_WARN_UNDECLARED_SELECTOR = YES;
				GCC_WARN_UNINITIALIZED_AUTOS = YES_AGGRESSIVE;
				GCC_WARN_UNUSED_FUNCTION = YES;
				GCC_WARN_UNUSED_VARIABLE = YES;
				LOCALIZATION_PREFERS_STRING_CATALOGS = YES;
				MACOSX_DEPLOYMENT_TARGET = 13.0;
				MTL_ENABLE_DEBUG_INFO = INCLUDE_SOURCE;
				MTL_FAST_MATH = YES;
				ONLY_ACTIVE_ARCH = YES;
				SDKROOT = macosx;
				SWIFT_ACTIVE_COMPILATION_CONDITIONS = "DEBUG $(inherited)";
				SWIFT_OPTIMIZATION_LEVEL = "-Onone";
			};
			name = Debug;
		};
		2BDD5A582E4BD4C500EDA7DC /* Release */ = {
			isa = XCBuildConfiguration;
			buildSettings = {
				ALWAYS_SEARCH_USER_PATHS = NO;
				ASSETCATALOG_COMPILER_GENERATE_SWIFT_ASSET_SYMBOL_EXTENSIONS = YES;
				CLANG_ANALYZER_NONNULL = YES;
				CLANG_ANALYZER_NUMBER_OBJECT_CONVERSION = YES_AGGRESSIVE;
				CLANG_CXX_LANGUAGE_STANDARD = "gnu++20";
				CLANG_ENABLE_MODULES = YES;
				CLANG_ENABLE_OBJC_ARC = YES;
				CLANG_ENABLE_OBJC_WEAK = YES;
				CLANG_WARN_BLOCK_CAPTURE_AUTORELEASING = YES;
				CLANG_WARN_BOOL_CONVERSION = YES;
				CLANG_WARN_COMMA = YES;
				CLANG_WARN_CONSTANT_CONVERSION = YES;
				CLANG_WARN_DEPRECATED_OBJC_IMPLEMENTATIONS = YES;
				CLANG_WARN_DIRECT_OBJC_ISA_USAGE = YES_ERROR;
				CLANG_WARN_DOCUMENTATION_COMMENTS = YES;
				CLANG_WARN_EMPTY_BODY = YES;
				CLANG_WARN_ENUM_CONVERSION = YES;
				CLANG_WARN_INFINITE_RECURSION = YES;
				CLANG_WARN_INT_CONVERSION = YES;
				CLANG_WARN_NON_LITERAL_NULL_CONVERSION = YES;
				CLANG_WARN_OBJC_IMPLICIT_RETAIN_SELF = YES;
				CLANG_WARN_OBJC_LITERAL_CONVERSION = YES;
				CLANG_WARN_OBJC_ROOT_CLASS = YES_ERROR;
				CLANG_WARN_QUOTED_INCLUDE_IN_FRAMEWORK_HEADER = YES;
				CLANG_WARN_RANGE_LOOP_ANALYSIS = YES;
				CLANG_WARN_STRICT_PROTOTYPES = YES;
				CLANG_WARN_SUSPICIOUS_MOVE = YES;
				CLANG_WARN_UNGUARDED_AVAILABILITY = YES_AGGRESSIVE;
				CLANG_WARN_UNREACHABLE_CODE = YES;
				CLANG_WARN__DUPLICATE_METHOD_MATCH = YES;
				COPY_PHASE_STRIP = NO;
				DEBUG_INFORMATION_FORMAT = "dwarf-with-dsym";
				ENABLE_NS_ASSERTIONS = NO;
				ENABLE_STRICT_OBJC_MSGSEND = YES;
				ENABLE_USER_SCRIPT_SANDBOXING = YES;
				GCC_C_LANGUAGE_STANDARD = gnu17;
				GCC_NO_COMMON_BLOCKS = YES;
				GCC_WARN_64_TO_32_BIT_CONVERSION = YES;
				GCC_WARN_ABOUT_RETURN_TYPE = YES_ERROR;
				GCC_WARN_UNDECLARED_SELECTOR = YES;
				GCC_WARN_UNINITIALIZED_AUTOS = YES_AGGRESSIVE;
				GCC_WARN_UNUSED_FUNCTION = YES;
				GCC_WARN_UNUSED_VARIABLE = YES;
				LOCALIZATION_PREFERS_STRING_CATALOGS = YES;
				MACOSX_DEPLOYMENT_TARGET = 13.0;
				MTL_ENABLE_DEBUG_INFO = NO;
				MTL_FAST_MATH = YES;
				SDKROOT = macosx;
				SWIFT_COMPILATION_MODE = wholemodule;
			};
			name = Release;
		};
		2BDD5A5A2E4BD4C500EDA7DC /* Debug */ = {
			isa = XCBuildConfiguration;
			buildSettings = {
				ASSETCATALOG_COMPILER_APPICON_NAME = AppIcon;
				ASSETCATALOG_COMPILER_GLOBAL_ACCENT_COLOR_NAME = AccentColor;
				CODE_SIGN_ENTITLEMENTS = NotchMate/NotchMate.entitlements;
				CODE_SIGN_IDENTITY = "-";
				CODE_SIGN_STYLE = Automatic;
				COMBINE_HIDPI_IMAGES = YES;
				CURRENT_PROJECT_VERSION = 1;
				DEVELOPMENT_TEAM = "";
				ENABLE_HARDENED_RUNTIME = YES;
				ENABLE_PREVIEWS = YES;
				GENERATE_INFOPLIST_FILE = YES;
				INFOPLIST_KEY_CFBundleDisplayName = NotchMate;
				INFOPLIST_KEY_LSApplicationCategoryType = "public.app-category.utilities";
				INFOPLIST_KEY_LSUIElement = YES;
				INFOPLIST_KEY_NSAppleEventsUsageDescription = "NotchMate shows the current track from Music or Spotify and lets you control playback from the notch.";
				INFOPLIST_KEY_NSHumanReadableCopyright = "Copyright © 2025 AshkanWatson. Licensed under CC BY-NC 4.0.";
				LD_RUNPATH_SEARCH_PATHS = (
					"$(inherited)",
					"@executable_path/../Frameworks",
				);
				MACOSX_DEPLOYMENT_TARGET = 13.0;
				MARKETING_VERSION = 1.0.0;
				PRODUCT_BUNDLE_IDENTIFIER = io.github.ashkanwatson.NotchMate;
				PRODUCT_NAME = "$(TARGET_NAME)";
				SDKROOT = macosx;
				SWIFT_EMIT_LOC_STRINGS = YES;
				SWIFT_VERSION = 5.0;
			};
			name = Debug;
		};
		2BDD5A5B2E4BD4C500EDA7DC /* Release */ = {
			isa = XCBuildConfiguration;
			buildSettings = {
				ASSETCATALOG_COMPILER_APPICON_NAME = AppIcon;
				ASSETCATALOG_COMPILER_GLOBAL_ACCENT_COLOR_NAME = AccentColor;
				CODE_SIGN_ENTITLEMENTS = NotchMate/NotchMate.entitlements;
				CODE_SIGN_IDENTITY = "-";
				CODE_SIGN_STYLE = Automatic;
				COMBINE_HIDPI_IMAGES = YES;
				CURRENT_PROJECT_VERSION = 1;
				DEVELOPMENT_TEAM = "";
				ENABLE_HARDENED_RUNTIME = YES;
				ENABLE_PREVIEWS = YES;
				GENERATE_INFOPLIST_FILE = YES;
				INFOPLIST_KEY_CFBundleDisplayName = NotchMate;
				INFOPLIST_KEY_LSApplicationCategoryType = "public.app-category.utilities";
				INFOPLIST_KEY_LSUIElement = YES;
				INFOPLIST_KEY_NSAppleEventsUsageDescription = "NotchMate shows the current track from Music or Spotify and lets you control playback from the notch.";
				INFOPLIST_KEY_NSHumanReadableCopyright = "Copyright © 2025 AshkanWatson. Licensed under CC BY-NC 4.0.";
				LD_RUNPATH_SEARCH_PATHS = (
					"$(inherited)",
					"@executable_path/../Frameworks",
				);
				MACOSX_DEPLOYMENT_TARGET = 13.0;
				MARKETING_VERSION = 1.0.0;
				PRODUCT_BUNDLE_IDENTIFIER = io.github.ashkanwatson.NotchMate;
				PRODUCT_NAME = "$(TARGET_NAME)";
				SDKROOT = macosx;
				SWIFT_EMIT_LOC_STRINGS = YES;
				SWIFT_VERSION = 5.0;
			};
			name = Release;
		};
		2BDD5A5D2E4BD4C500EDA7DC /* Debug */ = {
			isa = XCBuildConfiguration;
			buildSettings = {
				BUNDLE_LOADER = "$(TEST_HOST)";
				CODE_SIGN_IDENTITY = "-";
				CODE_SIGN_STYLE = Automatic;
				CURRENT_PROJECT_VERSION = 1;
				DEVELOPMENT_TEAM = "";
				GENERATE_INFOPLIST_FILE = YES;
				MACOSX_DEPLOYMENT_TARGET = 13.0;
				MARKETING_VERSION = 1.0.0;
				PRODUCT_BUNDLE_IDENTIFIER = io.github.ashkanwatson.NotchMateTests;
				PRODUCT_NAME = "$(TARGET_NAME)";
				SDKROOT = macosx;
				SWIFT_EMIT_LOC_STRINGS = NO;
				SWIFT_VERSION = 5.0;
				TEST_HOST = "$(BUILT_PRODUCTS_DIR)/NotchMate.app/$(BUNDLE_EXECUTABLE_FOLDER_PATH)/NotchMate";
			};
			name = Debug;
		};
		2BDD5A5E2E4BD4C500EDA7DC /* Release */ = {
			isa = XCBuildConfiguration;
			buildSettings = {
				BUNDLE_LOADER = "$(TEST_HOST)";
				CODE_SIGN_IDENTITY = "-";
				CODE_SIGN_STYLE = Automatic;
				CURRENT_PROJECT_VERSION = 1;
				DEVELOPMENT_TEAM = "";
				GENERATE_INFOPLIST_FILE = YES;
				MACOSX_DEPLOYMENT_TARGET = 13.0;
				MARKETING_VERSION = 1.0.0;
				PRODUCT_BUNDLE_IDENTIFIER = io.github.ashkanwatson.NotchMateTests;
				PRODUCT_NAME = "$(TARGET_NAME)";
				SDKROOT = macosx;
				SWIFT_EMIT_LOC_STRINGS = NO;
				SWIFT_VERSION = 5.0;
				TEST_HOST = "$(BUILT_PRODUCTS_DIR)/NotchMate.app/$(BUNDLE_EXECUTABLE_FOLDER_PATH)/NotchMate";
			};
			name = Release;
		};
		2BDD5A602E4BD4C500EDA7DC /* Debug */ = {
			isa = XCBuildConfiguration;
			buildSettings = {
				CODE_SIGN_IDENTITY = "-";
				CODE_SIGN_STYLE = Automatic;
				CURRENT_PROJECT_VERSION = 1;
				DEVELOPMENT_TEAM = "";
				GENERATE_INFOPLIST_FILE = YES;
				MACOSX_DEPLOYMENT_TARGET = 13.0;
				MARKETING_VERSION = 1.0.0;
				PRODUCT_BUNDLE_IDENTIFIER = io.github.ashkanwatson.NotchMateUITests;
				PRODUCT_NAME = "$(TARGET_NAME)";
				SDKROOT = macosx;
				SWIFT_EMIT_LOC_STRINGS = NO;
				SWIFT_VERSION = 5.0;
				TEST_TARGET_NAME = NotchMate;
			};
			name = Debug;
		};
		2BDD5A612E4BD4C500EDA7DC /* Release */ = {
			isa = XCBuildConfiguration;
			buildSettings = {
				CODE_SIGN_IDENTITY = "-";
				CODE_SIGN_STYLE = Automatic;
				CURRENT_PROJECT_VERSION = 1;
				DEVELOPMENT_TEAM = "";
				GENERATE_INFOPLIST_FILE = YES;
				MACOSX_DEPLOYMENT_TARGET = 13.0;
				MARKETING_VERSION = 1.0.0;
				PRODUCT_BUNDLE_IDENTIFIER = io.github.ashkanwatson.NotchMateUITests;
				PRODUCT_NAME = "$(TARGET_NAME)";
				SDKROOT = macosx;
				SWIFT_EMIT_LOC_STRINGS = NO;
				SWIFT_VERSION = 5.0;
				TEST_TARGET_NAME = NotchMate;
			};
			name = Release;
		};
/* End XCBuildConfiguration section */

/* Begin XCConfigurationList section */
		2BDD5A322E4BD4C400EDA7DC /* Build configuration list for PBXProject "NotchMate" */ = {
			isa = XCConfigurationList;
			buildConfigurations = (
				2BDD5A572E4BD4C500EDA7DC /* Debug */,
				2BDD5A582E4BD4C500EDA7DC /* Release */,
			);
			defaultConfigurationIsVisible = 0;
			defaultConfigurationName = Release;
		};
		2BDD5A592E4BD4C500EDA7DC /* Build configuration list for PBXNativeTarget "NotchMate" */ = {
			isa = XCConfigurationList;
			buildConfigurations = (
				2BDD5A5A2E4BD4C500EDA7DC /* Debug */,
				2BDD5A5B2E4BD4C500EDA7DC /* Release */,
			);
			defaultConfigurationIsVisible = 0;
			defaultConfigurationName = Release;
		};
		2BDD5A5C2E4BD4C500EDA7DC /* Build configuration list for PBXNativeTarget "NotchMateTests" */ = {
			isa = XCConfigurationList;
			buildConfigurations = (
				2BDD5A5D2E4BD4C500EDA7DC /* Debug */,
				2BDD5A5E2E4BD4C500EDA7DC /* Release */,
			);
			defaultConfigurationIsVisible = 0;
			defaultConfigurationName = Release;
		};
		2BDD5A5F2E4BD4C500EDA7DC /* Build configuration list for PBXNativeTarget "NotchMateUITests" */ = {
			isa = XCConfigurationList;
			buildConfigurations = (
				2BDD5A602E4BD4C500EDA7DC /* Debug */,
				2BDD5A612E4BD4C500EDA7DC /* Release */,
			);
			defaultConfigurationIsVisible = 0;
			defaultConfigurationName = Release;
		};
/* End XCConfigurationList section */

/* Begin XCLocalSwiftPackageReference section */
		2BDD5A702E4BD4C500EDA7DC /* XCLocalSwiftPackageReference "Packages/NotchMateKit" */ = {
			isa = XCLocalSwiftPackageReference;
			relativePath = Packages/NotchMateKit;
		};
/* End XCLocalSwiftPackageReference section */

/* Begin XCSwiftPackageProductDependency section */
		2BDD5A712E4BD4C500EDA7DC /* NotchMateKit */ = {
			isa = XCSwiftPackageProductDependency;
			productName = NotchMateKit;
		};
/* End XCSwiftPackageProductDependency section */
	};
	rootObject = 2BDD5A2F2E4BD4C400EDA7DC /* Project object */;
}
